
Microsoft Visual Studio Solution File, Format Version 12.00
# Visual Studio 15
VisualStudioVersion = 15.0.27703.2026
MinimumVisualStudioVersion = 10.0.40219.1
Project("{FAE04EC0-301F-11D3-BF4B-00C04F79EFBC}") = "TheFinalSalesProject", "TheFinalSalesProject\TheFinalSalesProject.csproj", "{FD39C635-9D7E-4EE1-85DF-A989134767F6}"
EndProject
Project("{00D1A9C2-B5F0-4AF3-8072-F6C62B433612}") = "MyFinalSalesDB", "MyFinalSalesDB\MyFinalSalesDB.sqlproj", "{5956B781-A013-46BE-9653-310C03380A37}"
EndProject
Global
	GlobalSection(SolutionConfigurationPlatforms) = preSolution
		Debug|Any CPU = Debug|Any CPU
		Release|Any CPU = Release|Any CPU
	EndGlobalSection
	GlobalSection(ProjectConfigurationPlatforms) = postSolution
		{FD39C635-9D7E-4EE1-85DF-A989134767F6}.Debug|Any CPU.ActiveCfg = Debug|Any CPU
		{FD39C635-9D7E-4EE1-85DF-A989134767F6}.Debug|Any CPU.Build.0 = Debug|Any CPU
		{FD39C635-9D7E-4EE1-85DF-A989134767F6}.Release|Any CPU.ActiveCfg = Release|Any CPU
		{FD39C635-9D7E-4EE1-85DF-A989134767F6}.Release|Any CPU.Build.0 = Release|Any CPU
		{5956B781-A013-46BE-9653-310C03380A37}.Debug|Any CPU.ActiveCfg = Debug|Any CPU
		{5956B781-A013-46BE-9653-310C03380A37}.Debug|Any CPU.Build.0 = Debug|Any CPU
		{5956B781-A013-46BE-9653-310C03380A37}.Debug|Any CPU.Deploy.0 = Debug|Any CPU
		{5956B781-A013-46BE-9653-310C03380A37}.Release|Any CPU.ActiveCfg = Release|Any CPU
		{5956B781-A013-46BE-9653-310C03380A37}.Release|Any CPU.Build.0 = Release|Any CPU
		{5956B781-A013-46BE-9653-310C03380A37}.Release|Any CPU.Deploy.0 = Release|Any CPU
	EndGlobalSection
	GlobalSection(SolutionProperties) = preSolution
		HideSolutionNode = FALSE
	EndGlobalSection
	GlobalSection(ExtensibilityGlobals) = postSolution
		SolutionGuid = {BE7869D3-F17A-4D5A-9891-47B2150DB69E}
	EndGlobalSection
EndGlobal
